github.com/gopherjs/gopherjs v0.0.0-20191106031601-ce3c9ade29de h1:F7WD09S8QB4LrkEpka0dFPLSotH11HRpCsLIbIcJ7sU=
github.com/gopherjs/gopherjs v0.0.0-20191106031601-ce3c9ade29de/go.mod h1:wJfORRmW1u3UXTncJ5qlYoELFm8eSnnEO6hX4iZ3EWY=
github.com/gopherjs/vecty v0.0.0-20191227222824-6a0a25ee5a96 h1:1Hlu3sp8c5cT5zGLoxHjHw07x0WsxA1t2nDulhO/EK8=
github.com/gopherjs/vecty v0.0.0-20191227222824-6a0a25ee5a96/go.mod h1:Yd9AOfl6lN1BWnVnvaSBwKiTCAcnlIGGvdsODOOZ9RY=
github.com/shurcooL/go v0.0.0-20191216061654-b114cc39af9f h1:gvOuVMIvQ0Ca/afBH/YBfp5f2RWb92DbAI5EjwoFLuc=
github.com/shurcooL/go v0.0.0-20191216061654-b114cc39af9f/go.mod h1:TDJrrUr11Vxrven61rcy3hJMUqaf/CLWYhHNPmT14Lk=
github.com/shurcooL/go-goon v0.0.0-20170922171312-37c2f522c041 h1:llrF3Fs4018ePo4+G/HV/uQUqEI1HMDjCeOf2V6puPc=
github.com/shurcooL/go-goon v0.0.0-20170922171312-37c2f522c041/go.mod h1:N5mDOmsrJOB+vfqUK+7DmDyjhSLIIBnXo9lvZJj3MWQ=
